
Microsoft Visual Studio Solution File, Format Version 12.00
# Visual Studio 2013
VisualStudioVersion = 12.0.31101.0
MinimumVisualStudioVersion = 10.0.40219.1
Project("{FAE04EC0-301F-11D3-BF4B-00C04F79EFBC}") = "IdeaSoftware.EventStore.Client.Core", "IdeaSoftware.EventStore.Client.Core\IdeaSoftware.EventStore.Client.Core.csproj", "{FAEC256D-A0D4-4A89-8C14-66CB244A4178}"
EndProject
Project("{FAE04EC0-301F-11D3-BF4B-00C04F79EFBC}") = "IdeaSoftware.EventStore.Client.Core.Tests", "IdeaSoftware.EventStore.Client.Core.Tests\IdeaSoftware.EventStore.Client.Core.Tests.csproj", "{6A9BA801-9F19-4192-AB35-92D7AE74A58B}"
EndProject
Project("{2150E333-8FDC-42A3-9474-1A3956D46DE8}") = ".nuget", ".nuget", "{DFB8D39B-0604-455E-BBDC-A415481BE9E4}"
	ProjectSection(SolutionItems) = preProject
		.nuget\NuGet.Config = .nuget\NuGet.Config
		.nuget\NuGet.exe = .nuget\NuGet.exe
		.nuget\NuGet.targets = .nuget\NuGet.targets
	EndProjectSection
EndProject
Global
	GlobalSection(SolutionConfigurationPlatforms) = preSolution
		Debug|Any CPU = Debug|Any CPU
		Debug-Net45|Any CPU = Debug-Net45|Any CPU
		Release|Any CPU = Release|Any CPU
		Release-Net45|Any CPU = Release-Net45|Any CPU
	EndGlobalSection
	GlobalSection(ProjectConfigurationPlatforms) = postSolution
		{FAEC256D-A0D4-4A89-8C14-66CB244A4178}.Debug|Any CPU.ActiveCfg = Debug|Any CPU
		{FAEC256D-A0D4-4A89-8C14-66CB244A4178}.Debug|Any CPU.Build.0 = Debug|Any CPU
		{FAEC256D-A0D4-4A89-8C14-66CB244A4178}.Debug-Net45|Any CPU.ActiveCfg = Debug-Net45|Any CPU
		{FAEC256D-A0D4-4A89-8C14-66CB244A4178}.Debug-Net45|Any CPU.Build.0 = Debug-Net45|Any CPU
		{FAEC256D-A0D4-4A89-8C14-66CB244A4178}.Release|Any CPU.ActiveCfg = Release|Any CPU
		{FAEC256D-A0D4-4A89-8C14-66CB244A4178}.Release|Any CPU.Build.0 = Release|Any CPU
		{FAEC256D-A0D4-4A89-8C14-66CB244A4178}.Release-Net45|Any CPU.ActiveCfg = Release-Net45|Any CPU
		{FAEC256D-A0D4-4A89-8C14-66CB244A4178}.Release-Net45|Any CPU.Build.0 = Release-Net45|Any CPU
		{6A9BA801-9F19-4192-AB35-92D7AE74A58B}.Debug|Any CPU.ActiveCfg = Debug|Any CPU
		{6A9BA801-9F19-4192-AB35-92D7AE74A58B}.Debug|Any CPU.Build.0 = Debug|Any CPU
		{6A9BA801-9F19-4192-AB35-92D7AE74A58B}.Debug-Net45|Any CPU.ActiveCfg = Debug-Net45|Any CPU
		{6A9BA801-9F19-4192-AB35-92D7AE74A58B}.Debug-Net45|Any CPU.Build.0 = Debug-Net45|Any CPU
		{6A9BA801-9F19-4192-AB35-92D7AE74A58B}.Release|Any CPU.ActiveCfg = Release|Any CPU
		{6A9BA801-9F19-4192-AB35-92D7AE74A58B}.Release|Any CPU.Build.0 = Release|Any CPU
		{6A9BA801-9F19-4192-AB35-92D7AE74A58B}.Release-Net45|Any CPU.ActiveCfg = Release-Net45|Any CPU
		{6A9BA801-9F19-4192-AB35-92D7AE74A58B}.Release-Net45|Any CPU.Build.0 = Release-Net45|Any CPU
	EndGlobalSection
	GlobalSection(SolutionProperties) = preSolution
		HideSolutionNode = FALSE
	EndGlobalSection
EndGlobal
